
Microsoft Visual Studio Solution File, Format Version 12.00
# Visual Studio Version 17
VisualStudioVersion = 17.2.32602.215
MinimumVisualStudioVersion = 10.0.40219.1
Project("{FAE04EC0-301F-11D3-BF4B-00C04F79EFBC}") = "Student_CRUD", "Student_CRUD.csproj", "{D138F660-B607-4305-B88C-A32BEF1BB9AD}"
EndProject
Global
	GlobalSection(SolutionConfigurationPlatforms) = preSolution
		Debug|Any CPU = Debug|Any CPU
		Release|Any CPU = Release|Any CPU
	EndGlobalSection
	GlobalSection(ProjectConfigurationPlatforms) = postSolution
		{D138F660-B607-4305-B88C-A32BEF1BB9AD}.Debug|Any CPU.ActiveCfg = Debug|Any CPU
		{D138F660-B607-4305-B88C-A32BEF1BB9AD}.Debug|Any CPU.Build.0 = Debug|Any CPU
		{D138F660-B607-4305-B88C-A32BEF1BB9AD}.Release|Any CPU.ActiveCfg = Release|Any CPU
		{D138F660-B607-4305-B88C-A32BEF1BB9AD}.Release|Any CPU.Build.0 = Release|Any CPU
	EndGlobalSection
	GlobalSection(SolutionProperties) = preSolution
		HideSolutionNode = FALSE
	EndGlobalSection
	GlobalSection(ExtensibilityGlobals) = postSolution
		SolutionGuid = {E268276F-C369-4C18-B015-8CE79A868CF0}
	EndGlobalSection
EndGlobal
