
Microsoft Visual Studio Solution File, Format Version 12.00
# Visual Studio Version 17
VisualStudioVersion = 17.1.32421.90
MinimumVisualStudioVersion = 10.0.40219.1
Project("{FAE04EC0-301F-11D3-BF4B-00C04F79EFBC}") = "BaiTap2", "BaiTap2\BaiTap2.csproj", "{4E2B0296-405A-406B-B6AA-D9D57F766862}"
EndProject
Global
	GlobalSection(SolutionConfigurationPlatforms) = preSolution
		Debug|Any CPU = Debug|Any CPU
		Release|Any CPU = Release|Any CPU
	EndGlobalSection
	GlobalSection(ProjectConfigurationPlatforms) = postSolution
		{4E2B0296-405A-406B-B6AA-D9D57F766862}.Debug|Any CPU.ActiveCfg = Debug|Any CPU
		{4E2B0296-405A-406B-B6AA-D9D57F766862}.Debug|Any CPU.Build.0 = Debug|Any CPU
		{4E2B0296-405A-406B-B6AA-D9D57F766862}.Release|Any CPU.ActiveCfg = Release|Any CPU
		{4E2B0296-405A-406B-B6AA-D9D57F766862}.Release|Any CPU.Build.0 = Release|Any CPU
	EndGlobalSection
	GlobalSection(SolutionProperties) = preSolution
		HideSolutionNode = FALSE
	EndGlobalSection
	GlobalSection(ExtensibilityGlobals) = postSolution
		SolutionGuid = {6F9519ED-FD05-47E1-B63D-64A93E94740C}
	EndGlobalSection
EndGlobal
