
Microsoft Visual Studio Solution File, Format Version 12.00
# Visual Studio Version 17
VisualStudioVersion = 17.6.33801.468
MinimumVisualStudioVersion = 10.0.40219.1
Project("{FAE04EC0-301F-11D3-BF4B-00C04F79EFBC}") = "PE_PRN211_SP23_554489_VinhDQ", "PE_PRN211_SP23_554489_VinhDQ.csproj", "{465F3B63-2A32-4AB7-9668-B6B36192CF2B}"
EndProject
Global
	GlobalSection(SolutionConfigurationPlatforms) = preSolution
		Debug|Any CPU = Debug|Any CPU
		Release|Any CPU = Release|Any CPU
	EndGlobalSection
	GlobalSection(ProjectConfigurationPlatforms) = postSolution
		{465F3B63-2A32-4AB7-9668-B6B36192CF2B}.Debug|Any CPU.ActiveCfg = Debug|Any CPU
		{465F3B63-2A32-4AB7-9668-B6B36192CF2B}.Debug|Any CPU.Build.0 = Debug|Any CPU
		{465F3B63-2A32-4AB7-9668-B6B36192CF2B}.Release|Any CPU.ActiveCfg = Release|Any CPU
		{465F3B63-2A32-4AB7-9668-B6B36192CF2B}.Release|Any CPU.Build.0 = Release|Any CPU
	EndGlobalSection
	GlobalSection(SolutionProperties) = preSolution
		HideSolutionNode = FALSE
	EndGlobalSection
	GlobalSection(ExtensibilityGlobals) = postSolution
		SolutionGuid = {65B1CA7F-A80C-492C-9AD2-43572469EAE1}
	EndGlobalSection
EndGlobal
