
Microsoft Visual Studio Solution File, Format Version 12.00
# Visual Studio Version 17
VisualStudioVersion = 17.2.32630.192
MinimumVisualStudioVersion = 10.0.40219.1
Project("{FAE04EC0-301F-11D3-BF4B-00C04F79EFBC}") = "Q1", "Q1\Q1.csproj", "{0214F758-EFB9-47E5-9047-384F01F5AAFC}"
EndProject
Project("{FAE04EC0-301F-11D3-BF4B-00C04F79EFBC}") = "Q2", "Q2\Q2.csproj", "{D318ED67-B2DF-4893-8EEF-A8680122AE1B}"
EndProject
Project("{FAE04EC0-301F-11D3-BF4B-00C04F79EFBC}") = "Q3", "Q3\Q3.csproj", "{59F3E49E-1D7A-4857-8E30-3045BF2321F8}"
EndProject
Global
	GlobalSection(SolutionConfigurationPlatforms) = preSolution
		Debug|Any CPU = Debug|Any CPU
		Release|Any CPU = Release|Any CPU
	EndGlobalSection
	GlobalSection(ProjectConfigurationPlatforms) = postSolution
		{0214F758-EFB9-47E5-9047-384F01F5AAFC}.Debug|Any CPU.ActiveCfg = Debug|Any CPU
		{0214F758-EFB9-47E5-9047-384F01F5AAFC}.Debug|Any CPU.Build.0 = Debug|Any CPU
		{0214F758-EFB9-47E5-9047-384F01F5AAFC}.Release|Any CPU.ActiveCfg = Release|Any CPU
		{0214F758-EFB9-47E5-9047-384F01F5AAFC}.Release|Any CPU.Build.0 = Release|Any CPU
		{D318ED67-B2DF-4893-8EEF-A8680122AE1B}.Debug|Any CPU.ActiveCfg = Debug|Any CPU
		{D318ED67-B2DF-4893-8EEF-A8680122AE1B}.Debug|Any CPU.Build.0 = Debug|Any CPU
		{D318ED67-B2DF-4893-8EEF-A8680122AE1B}.Release|Any CPU.ActiveCfg = Release|Any CPU
		{D318ED67-B2DF-4893-8EEF-A8680122AE1B}.Release|Any CPU.Build.0 = Release|Any CPU
		{59F3E49E-1D7A-4857-8E30-3045BF2321F8}.Debug|Any CPU.ActiveCfg = Debug|Any CPU
		{59F3E49E-1D7A-4857-8E30-3045BF2321F8}.Debug|Any CPU.Build.0 = Debug|Any CPU
		{59F3E49E-1D7A-4857-8E30-3045BF2321F8}.Release|Any CPU.ActiveCfg = Release|Any CPU
		{59F3E49E-1D7A-4857-8E30-3045BF2321F8}.Release|Any CPU.Build.0 = Release|Any CPU
	EndGlobalSection
	GlobalSection(SolutionProperties) = preSolution
		HideSolutionNode = FALSE
	EndGlobalSection
	GlobalSection(ExtensibilityGlobals) = postSolution
		SolutionGuid = {0A8794A5-1655-4A8A-95F6-684953F58815}
	EndGlobalSection
EndGlobal
