
Microsoft Visual Studio Solution File, Format Version 12.00
# Visual Studio Version 17
VisualStudioVersion = 17.2.32616.157
MinimumVisualStudioVersion = 10.0.40219.1
Project("{9A19103F-16F7-4668-BE54-9A1E7A4F7556}") = "ConsoleApp1", "ConsoleApp1\ConsoleApp1.csproj", "{7B116F10-0051-4F13-A904-53558D8B75B5}"
EndProject
Project("{9A19103F-16F7-4668-BE54-9A1E7A4F7556}") = "Q2", "Q2\Q2.csproj", "{000D18A3-B5B4-4910-A197-E4087070C176}"
EndProject
Project("{FAE04EC0-301F-11D3-BF4B-00C04F79EFBC}") = "Q3", "Q3\Q3.csproj", "{86015FF7-EE6C-4E4A-990B-DE612C152798}"
EndProject
Global
	GlobalSection(SolutionConfigurationPlatforms) = preSolution
		Debug|Any CPU = Debug|Any CPU
		Release|Any CPU = Release|Any CPU
	EndGlobalSection
	GlobalSection(ProjectConfigurationPlatforms) = postSolution
		{7B116F10-0051-4F13-A904-53558D8B75B5}.Debug|Any CPU.ActiveCfg = Debug|Any CPU
		{7B116F10-0051-4F13-A904-53558D8B75B5}.Debug|Any CPU.Build.0 = Debug|Any CPU
		{7B116F10-0051-4F13-A904-53558D8B75B5}.Release|Any CPU.ActiveCfg = Release|Any CPU
		{7B116F10-0051-4F13-A904-53558D8B75B5}.Release|Any CPU.Build.0 = Release|Any CPU
		{000D18A3-B5B4-4910-A197-E4087070C176}.Debug|Any CPU.ActiveCfg = Debug|Any CPU
		{000D18A3-B5B4-4910-A197-E4087070C176}.Debug|Any CPU.Build.0 = Debug|Any CPU
		{000D18A3-B5B4-4910-A197-E4087070C176}.Release|Any CPU.ActiveCfg = Release|Any CPU
		{000D18A3-B5B4-4910-A197-E4087070C176}.Release|Any CPU.Build.0 = Release|Any CPU
		{86015FF7-EE6C-4E4A-990B-DE612C152798}.Debug|Any CPU.ActiveCfg = Debug|Any CPU
		{86015FF7-EE6C-4E4A-990B-DE612C152798}.Debug|Any CPU.Build.0 = Debug|Any CPU
		{86015FF7-EE6C-4E4A-990B-DE612C152798}.Release|Any CPU.ActiveCfg = Release|Any CPU
		{86015FF7-EE6C-4E4A-990B-DE612C152798}.Release|Any CPU.Build.0 = Release|Any CPU
	EndGlobalSection
	GlobalSection(SolutionProperties) = preSolution
		HideSolutionNode = FALSE
	EndGlobalSection
	GlobalSection(ExtensibilityGlobals) = postSolution
		SolutionGuid = {8D62A00A-C38C-4D88-9D0E-86204C6B343A}
	EndGlobalSection
EndGlobal
