
Microsoft Visual Studio Solution File, Format Version 12.00
# Visual Studio Version 17
VisualStudioVersion = 17.2.32516.85
MinimumVisualStudioVersion = 10.0.40219.1
Project("{9A19103F-16F7-4668-BE54-9A1E7A4F7556}") = "Exercise 12.5", "Exercise 12.5.csproj", "{1EBDE7F8-70D8-4A3F-BBC7-1839C15E5181}"
EndProject
Global
	GlobalSection(SolutionConfigurationPlatforms) = preSolution
		Debug|Any CPU = Debug|Any CPU
		Release|Any CPU = Release|Any CPU
	EndGlobalSection
	GlobalSection(ProjectConfigurationPlatforms) = postSolution
		{1EBDE7F8-70D8-4A3F-BBC7-1839C15E5181}.Debug|Any CPU.ActiveCfg = Debug|Any CPU
		{1EBDE7F8-70D8-4A3F-BBC7-1839C15E5181}.Debug|Any CPU.Build.0 = Debug|Any CPU
		{1EBDE7F8-70D8-4A3F-BBC7-1839C15E5181}.Release|Any CPU.ActiveCfg = Release|Any CPU
		{1EBDE7F8-70D8-4A3F-BBC7-1839C15E5181}.Release|Any CPU.Build.0 = Release|Any CPU
	EndGlobalSection
	GlobalSection(SolutionProperties) = preSolution
		HideSolutionNode = FALSE
	EndGlobalSection
	GlobalSection(ExtensibilityGlobals) = postSolution
		SolutionGuid = {5C5C7628-8AAE-4E9B-B400-1FD5A5F1F901}
	EndGlobalSection
EndGlobal
